
Microsoft Visual Studio Solution File, Format Version 12.00
# Visual Studio Version 17
VisualStudioVersion = 17.3.32825.248
MinimumVisualStudioVersion = 10.0.40219.1
Project("{FAE04EC0-301F-11D3-BF4B-00C04F79EFBC}") = "task06", "task06\task06.csproj", "{4A2F023E-8517-44AE-AE40-83EFCB8209A8}"
EndProject
Global
	GlobalSection(SolutionConfigurationPlatforms) = preSolution
		Debug|Any CPU = Debug|Any CPU
		Release|Any CPU = Release|Any CPU
	EndGlobalSection
	GlobalSection(ProjectConfigurationPlatforms) = postSolution
		{4A2F023E-8517-44AE-AE40-83EFCB8209A8}.Debug|Any CPU.ActiveCfg = Debug|Any CPU
		{4A2F023E-8517-44AE-AE40-83EFCB8209A8}.Debug|Any CPU.Build.0 = Debug|Any CPU
		{4A2F023E-8517-44AE-AE40-83EFCB8209A8}.Release|Any CPU.ActiveCfg = Release|Any CPU
		{4A2F023E-8517-44AE-AE40-83EFCB8209A8}.Release|Any CPU.Build.0 = Release|Any CPU
	EndGlobalSection
	GlobalSection(SolutionProperties) = preSolution
		HideSolutionNode = FALSE
	EndGlobalSection
	GlobalSection(ExtensibilityGlobals) = postSolution
		SolutionGuid = {94AD51B3-B8CE-4162-A89A-3DB6FE404243}
	EndGlobalSection
EndGlobal
