
Microsoft Visual Studio Solution File, Format Version 12.00
# Visual Studio Version 17
VisualStudioVersion = 17.3.32825.248
MinimumVisualStudioVersion = 10.0.40219.1
Project("{FAE04EC0-301F-11D3-BF4B-00C04F79EFBC}") = "task09.4", "task09.4\task09.4.csproj", "{5AE4B89E-577C-4B62-920F-63589D7CAA8D}"
EndProject
Global
	GlobalSection(SolutionConfigurationPlatforms) = preSolution
		Debug|Any CPU = Debug|Any CPU
		Release|Any CPU = Release|Any CPU
	EndGlobalSection
	GlobalSection(ProjectConfigurationPlatforms) = postSolution
		{5AE4B89E-577C-4B62-920F-63589D7CAA8D}.Debug|Any CPU.ActiveCfg = Debug|Any CPU
		{5AE4B89E-577C-4B62-920F-63589D7CAA8D}.Debug|Any CPU.Build.0 = Debug|Any CPU
		{5AE4B89E-577C-4B62-920F-63589D7CAA8D}.Release|Any CPU.ActiveCfg = Release|Any CPU
		{5AE4B89E-577C-4B62-920F-63589D7CAA8D}.Release|Any CPU.Build.0 = Release|Any CPU
	EndGlobalSection
	GlobalSection(SolutionProperties) = preSolution
		HideSolutionNode = FALSE
	EndGlobalSection
	GlobalSection(ExtensibilityGlobals) = postSolution
		SolutionGuid = {34D34EEE-25EB-46CE-A79B-87A4766ED574}
	EndGlobalSection
EndGlobal
