
Microsoft Visual Studio Solution File, Format Version 12.00
# Visual Studio Version 17
VisualStudioVersion = 17.3.32825.248
MinimumVisualStudioVersion = 10.0.40219.1
Project("{FAE04EC0-301F-11D3-BF4B-00C04F79EFBC}") = "task07.3", "task07.3\task07.3.csproj", "{81B11850-A299-4343-B849-A317D3AF7560}"
EndProject
Global
	GlobalSection(SolutionConfigurationPlatforms) = preSolution
		Debug|Any CPU = Debug|Any CPU
		Release|Any CPU = Release|Any CPU
	EndGlobalSection
	GlobalSection(ProjectConfigurationPlatforms) = postSolution
		{81B11850-A299-4343-B849-A317D3AF7560}.Debug|Any CPU.ActiveCfg = Debug|Any CPU
		{81B11850-A299-4343-B849-A317D3AF7560}.Debug|Any CPU.Build.0 = Debug|Any CPU
		{81B11850-A299-4343-B849-A317D3AF7560}.Release|Any CPU.ActiveCfg = Release|Any CPU
		{81B11850-A299-4343-B849-A317D3AF7560}.Release|Any CPU.Build.0 = Release|Any CPU
	EndGlobalSection
	GlobalSection(SolutionProperties) = preSolution
		HideSolutionNode = FALSE
	EndGlobalSection
	GlobalSection(ExtensibilityGlobals) = postSolution
		SolutionGuid = {05B468DE-7213-427C-850D-0599A0A11474}
	EndGlobalSection
EndGlobal
