
Microsoft Visual Studio Solution File, Format Version 12.00
# Visual Studio Version 17
VisualStudioVersion = 17.3.32825.248
MinimumVisualStudioVersion = 10.0.40219.1
Project("{FAE04EC0-301F-11D3-BF4B-00C04F79EFBC}") = "task09.2", "task09.2\task09.2.csproj", "{DB060340-B6FD-4941-8411-8360BB614386}"
EndProject
Global
	GlobalSection(SolutionConfigurationPlatforms) = preSolution
		Debug|Any CPU = Debug|Any CPU
		Release|Any CPU = Release|Any CPU
	EndGlobalSection
	GlobalSection(ProjectConfigurationPlatforms) = postSolution
		{DB060340-B6FD-4941-8411-8360BB614386}.Debug|Any CPU.ActiveCfg = Debug|Any CPU
		{DB060340-B6FD-4941-8411-8360BB614386}.Debug|Any CPU.Build.0 = Debug|Any CPU
		{DB060340-B6FD-4941-8411-8360BB614386}.Release|Any CPU.ActiveCfg = Release|Any CPU
		{DB060340-B6FD-4941-8411-8360BB614386}.Release|Any CPU.Build.0 = Release|Any CPU
	EndGlobalSection
	GlobalSection(SolutionProperties) = preSolution
		HideSolutionNode = FALSE
	EndGlobalSection
	GlobalSection(ExtensibilityGlobals) = postSolution
		SolutionGuid = {FDE99BC6-7DA4-4CAF-B1CC-9A1BE9D8BBEC}
	EndGlobalSection
EndGlobal
